
Microsoft Visual Studio Solution File, Format Version 12.00
# Visual Studio 15
VisualStudioVersion = 15.0.27703.2018
MinimumVisualStudioVersion = 10.0.40219.1
Project("{2150E333-8FDC-42A3-9474-1A3956D46DE8}") = "Surgicalogic.Planning", "Surgicalogic.Planning", "{3EA6C97C-3339-418C-884F-BE49CB746009}"
EndProject
Project("{2150E333-8FDC-42A3-9474-1A3956D46DE8}") = "Smartiks.Framework", "Smartiks.Framework", "{054CE7F7-FC51-4B55-A996-7D28154CDB40}"
EndProject
Project("{9A19103F-16F7-4668-BE54-9A1E7A4F7556}") = "Smartiks.Framework.IO.Abstractions", "src\Smartiks.Framework\Smartiks.Framework.IO.Abstractions\Smartiks.Framework.IO.Abstractions.csproj", "{3216E45E-5982-4991-A5BB-F600904DDCB2}"
EndProject
Project("{9A19103F-16F7-4668-BE54-9A1E7A4F7556}") = "Smartiks.Framework.IO", "src\Smartiks.Framework\Smartiks.Framework.IO\Smartiks.Framework.IO.csproj", "{7220A7F9-FE07-4AB1-9C75-EFF179B010E1}"
EndProject
Project("{9A19103F-16F7-4668-BE54-9A1E7A4F7556}") = "Smartiks.Framework.IO.Extensions", "src\Smartiks.Framework\Smartiks.Framework.IO.Extensions\Smartiks.Framework.IO.Extensions.csproj", "{E4CBD45B-C0A2-402D-BD6D-92B930E23565}"
EndProject
Project("{9A19103F-16F7-4668-BE54-9A1E7A4F7556}") = "Surgicalogic.Planning.Api", "src\Surgicalogic.Planning\Surgicalogic.Planning.Api\Surgicalogic.Planning.Api.csproj", "{26EB400D-ACCD-4CFD-975D-EAF2D0AD65D1}"
EndProject
Project("{9A19103F-16F7-4668-BE54-9A1E7A4F7556}") = "Surgicalogic.Planning.Engine", "src\Surgicalogic.Planning\Surgicalogic.Planning.Engine\Surgicalogic.Planning.Engine.csproj", "{910E9578-10A3-490E-83A9-FFBD93FF449A}"
EndProject
Project("{9A19103F-16F7-4668-BE54-9A1E7A4F7556}") = "Surgicalogic.Planning.Model", "src\Surgicalogic.Planning\Surgicalogic.Planning.Model\Surgicalogic.Planning.Model.csproj", "{60CFE565-E727-4744-8CC4-113BB7CA0926}"
EndProject
Project("{9A19103F-16F7-4668-BE54-9A1E7A4F7556}") = "Surgicalogic.Planning.Test", "src\Surgicalogic.Planning\Surgicalogic.Planning.Test\Surgicalogic.Planning.Test.csproj", "{A56398B2-8EC1-4B64-B39C-E3CF3583951D}"
EndProject
Project("{9A19103F-16F7-4668-BE54-9A1E7A4F7556}") = "Surgicalogic.Api", "src\Surgicalogic.Api\Surgicalogic.Api.csproj", "{F269F5C9-A8CE-403A-ABB7-DF5C2E7C9D0A}"
EndProject
Project("{9A19103F-16F7-4668-BE54-9A1E7A4F7556}") = "Surgicalogic.Common", "src\Surgicalogic.Common\Surgicalogic.Common.csproj", "{FFC10880-62FE-449E-959C-03F93AD326ED}"
EndProject
Project("{9A19103F-16F7-4668-BE54-9A1E7A4F7556}") = "Surgicalogic.Contracts", "src\Surgicalogic.Contracts\Surgicalogic.Contracts.csproj", "{B40D68E5-6D4A-48AC-AEE7-7CFE8AFFAA5D}"
EndProject
Project("{9A19103F-16F7-4668-BE54-9A1E7A4F7556}") = "Surgicalogic.Data", "src\Surgicalogic.Data\Surgicalogic.Data.csproj", "{745C1766-FF11-437C-A74E-B42804DC2E25}"
EndProject
Project("{9A19103F-16F7-4668-BE54-9A1E7A4F7556}") = "Surgicalogic.Data.Migrations", "src\Surgicalogic.Data.Migrations\Surgicalogic.Data.Migrations.csproj", "{ADA1FB26-67F8-45BB-8902-D1F81394FD9D}"
EndProject
Project("{9A19103F-16F7-4668-BE54-9A1E7A4F7556}") = "Surgicalogic.Model", "src\Surgicalogic.Model\Surgicalogic.Model.csproj", "{CF8972B7-7B33-41F0-BDED-065DA4CA552A}"
EndProject
Project("{9A19103F-16F7-4668-BE54-9A1E7A4F7556}") = "Surgicalogic.Services", "src\Surgicalogic.Services\Surgicalogic.Services.csproj", "{3DDC9F76-0514-4579-A1F4-CD27FF901F8D}"
EndProject
Project("{9A19103F-16F7-4668-BE54-9A1E7A4F7556}") = "Surgicalogic.Test", "src\Surgicalogic.Test\Surgicalogic.Test.csproj", "{F60DC96E-C5BC-44CD-9822-EFD84A4A2775}"
EndProject
Project("{E24C65DC-7377-472B-9ABA-BC803B73C61A}") = "Surgicalogic.Web", "src\Surgicalogic.Web\", "{E60FE75D-7A49-4144-815C-9DCB31BE1A2B}"
	ProjectSection(WebsiteProperties) = preProject
		TargetFrameworkMoniker = ".NETFramework,Version%3Dv4.0"
		Debug.AspNetCompiler.VirtualPath = "/localhost_6648"
		Debug.AspNetCompiler.PhysicalPath = "src\Surgicalogic.Web\"
		Debug.AspNetCompiler.TargetPath = "PrecompiledWeb\localhost_6648\"
		Debug.AspNetCompiler.Updateable = "true"
		Debug.AspNetCompiler.ForceOverwrite = "true"
		Debug.AspNetCompiler.FixedNames = "false"
		Debug.AspNetCompiler.Debug = "True"
		Release.AspNetCompiler.VirtualPath = "/localhost_6648"
		Release.AspNetCompiler.PhysicalPath = "src\Surgicalogic.Web\"
		Release.AspNetCompiler.TargetPath = "PrecompiledWeb\localhost_6648\"
		Release.AspNetCompiler.Updateable = "true"
		Release.AspNetCompiler.ForceOverwrite = "true"
		Release.AspNetCompiler.FixedNames = "false"
		Release.AspNetCompiler.Debug = "False"
		VWDPort = "6648"
		SlnRelativePath = "src\Surgicalogic.Web\"
	EndProjectSection
EndProject
Project("{FAE04EC0-301F-11D3-BF4B-00C04F79EFBC}") = "Surgicalogic.Planning.Simulation", "src\Surgicalogic.Planning\Surgicalogic.Planning.Simulation\Surgicalogic.Planning.Simulation.csproj", "{D9054FB9-3A47-410B-891F-2F0F76F4457C}"
EndProject
Global
	GlobalSection(SolutionConfigurationPlatforms) = preSolution
		Debug|Any CPU = Debug|Any CPU
		Release|Any CPU = Release|Any CPU
	EndGlobalSection
	GlobalSection(ProjectConfigurationPlatforms) = postSolution
		{3216E45E-5982-4991-A5BB-F600904DDCB2}.Debug|Any CPU.ActiveCfg = Debug|Any CPU
		{3216E45E-5982-4991-A5BB-F600904DDCB2}.Debug|Any CPU.Build.0 = Debug|Any CPU
		{3216E45E-5982-4991-A5BB-F600904DDCB2}.Release|Any CPU.ActiveCfg = Release|Any CPU
		{3216E45E-5982-4991-A5BB-F600904DDCB2}.Release|Any CPU.Build.0 = Release|Any CPU
		{7220A7F9-FE07-4AB1-9C75-EFF179B010E1}.Debug|Any CPU.ActiveCfg = Debug|Any CPU
		{7220A7F9-FE07-4AB1-9C75-EFF179B010E1}.Debug|Any CPU.Build.0 = Debug|Any CPU
		{7220A7F9-FE07-4AB1-9C75-EFF179B010E1}.Release|Any CPU.ActiveCfg = Release|Any CPU
		{7220A7F9-FE07-4AB1-9C75-EFF179B010E1}.Release|Any CPU.Build.0 = Release|Any CPU
		{E4CBD45B-C0A2-402D-BD6D-92B930E23565}.Debug|Any CPU.ActiveCfg = Debug|Any CPU
		{E4CBD45B-C0A2-402D-BD6D-92B930E23565}.Debug|Any CPU.Build.0 = Debug|Any CPU
		{E4CBD45B-C0A2-402D-BD6D-92B930E23565}.Release|Any CPU.ActiveCfg = Release|Any CPU
		{E4CBD45B-C0A2-402D-BD6D-92B930E23565}.Release|Any CPU.Build.0 = Release|Any CPU
		{26EB400D-ACCD-4CFD-975D-EAF2D0AD65D1}.Debug|Any CPU.ActiveCfg = Debug|Any CPU
		{26EB400D-ACCD-4CFD-975D-EAF2D0AD65D1}.Debug|Any CPU.Build.0 = Debug|Any CPU
		{26EB400D-ACCD-4CFD-975D-EAF2D0AD65D1}.Release|Any CPU.ActiveCfg = Release|Any CPU
		{26EB400D-ACCD-4CFD-975D-EAF2D0AD65D1}.Release|Any CPU.Build.0 = Release|Any CPU
		{910E9578-10A3-490E-83A9-FFBD93FF449A}.Debug|Any CPU.ActiveCfg = Debug|Any CPU
		{910E9578-10A3-490E-83A9-FFBD93FF449A}.Debug|Any CPU.Build.0 = Debug|Any CPU
		{910E9578-10A3-490E-83A9-FFBD93FF449A}.Release|Any CPU.ActiveCfg = Release|Any CPU
		{910E9578-10A3-490E-83A9-FFBD93FF449A}.Release|Any CPU.Build.0 = Release|Any CPU
		{60CFE565-E727-4744-8CC4-113BB7CA0926}.Debug|Any CPU.ActiveCfg = Debug|Any CPU
		{60CFE565-E727-4744-8CC4-113BB7CA0926}.Debug|Any CPU.Build.0 = Debug|Any CPU
		{60CFE565-E727-4744-8CC4-113BB7CA0926}.Release|Any CPU.ActiveCfg = Release|Any CPU
		{60CFE565-E727-4744-8CC4-113BB7CA0926}.Release|Any CPU.Build.0 = Release|Any CPU
		{A56398B2-8EC1-4B64-B39C-E3CF3583951D}.Debug|Any CPU.ActiveCfg = Debug|Any CPU
		{A56398B2-8EC1-4B64-B39C-E3CF3583951D}.Debug|Any CPU.Build.0 = Debug|Any CPU
		{A56398B2-8EC1-4B64-B39C-E3CF3583951D}.Release|Any CPU.ActiveCfg = Release|Any CPU
		{A56398B2-8EC1-4B64-B39C-E3CF3583951D}.Release|Any CPU.Build.0 = Release|Any CPU
		{F269F5C9-A8CE-403A-ABB7-DF5C2E7C9D0A}.Debug|Any CPU.ActiveCfg = Debug|Any CPU
		{F269F5C9-A8CE-403A-ABB7-DF5C2E7C9D0A}.Debug|Any CPU.Build.0 = Debug|Any CPU
		{F269F5C9-A8CE-403A-ABB7-DF5C2E7C9D0A}.Release|Any CPU.ActiveCfg = Release|Any CPU
		{F269F5C9-A8CE-403A-ABB7-DF5C2E7C9D0A}.Release|Any CPU.Build.0 = Release|Any CPU
		{FFC10880-62FE-449E-959C-03F93AD326ED}.Debug|Any CPU.ActiveCfg = Debug|Any CPU
		{FFC10880-62FE-449E-959C-03F93AD326ED}.Debug|Any CPU.Build.0 = Debug|Any CPU
		{FFC10880-62FE-449E-959C-03F93AD326ED}.Release|Any CPU.ActiveCfg = Release|Any CPU
		{FFC10880-62FE-449E-959C-03F93AD326ED}.Release|Any CPU.Build.0 = Release|Any CPU
		{B40D68E5-6D4A-48AC-AEE7-7CFE8AFFAA5D}.Debug|Any CPU.ActiveCfg = Debug|Any CPU
		{B40D68E5-6D4A-48AC-AEE7-7CFE8AFFAA5D}.Debug|Any CPU.Build.0 = Debug|Any CPU
		{B40D68E5-6D4A-48AC-AEE7-7CFE8AFFAA5D}.Release|Any CPU.ActiveCfg = Release|Any CPU
		{B40D68E5-6D4A-48AC-AEE7-7CFE8AFFAA5D}.Release|Any CPU.Build.0 = Release|Any CPU
		{745C1766-FF11-437C-A74E-B42804DC2E25}.Debug|Any CPU.ActiveCfg = Debug|Any CPU
		{745C1766-FF11-437C-A74E-B42804DC2E25}.Debug|Any CPU.Build.0 = Debug|Any CPU
		{745C1766-FF11-437C-A74E-B42804DC2E25}.Release|Any CPU.ActiveCfg = Release|Any CPU
		{745C1766-FF11-437C-A74E-B42804DC2E25}.Release|Any CPU.Build.0 = Release|Any CPU
		{ADA1FB26-67F8-45BB-8902-D1F81394FD9D}.Debug|Any CPU.ActiveCfg = Debug|Any CPU
		{ADA1FB26-67F8-45BB-8902-D1F81394FD9D}.Debug|Any CPU.Build.0 = Debug|Any CPU
		{ADA1FB26-67F8-45BB-8902-D1F81394FD9D}.Release|Any CPU.ActiveCfg = Release|Any CPU
		{ADA1FB26-67F8-45BB-8902-D1F81394FD9D}.Release|Any CPU.Build.0 = Release|Any CPU
		{CF8972B7-7B33-41F0-BDED-065DA4CA552A}.Debug|Any CPU.ActiveCfg = Debug|Any CPU
		{CF8972B7-7B33-41F0-BDED-065DA4CA552A}.Debug|Any CPU.Build.0 = Debug|Any CPU
		{CF8972B7-7B33-41F0-BDED-065DA4CA552A}.Release|Any CPU.ActiveCfg = Release|Any CPU
		{CF8972B7-7B33-41F0-BDED-065DA4CA552A}.Release|Any CPU.Build.0 = Release|Any CPU
		{3DDC9F76-0514-4579-A1F4-CD27FF901F8D}.Debug|Any CPU.ActiveCfg = Debug|Any CPU
		{3DDC9F76-0514-4579-A1F4-CD27FF901F8D}.Debug|Any CPU.Build.0 = Debug|Any CPU
		{3DDC9F76-0514-4579-A1F4-CD27FF901F8D}.Release|Any CPU.ActiveCfg = Release|Any CPU
		{3DDC9F76-0514-4579-A1F4-CD27FF901F8D}.Release|Any CPU.Build.0 = Release|Any CPU
		{F60DC96E-C5BC-44CD-9822-EFD84A4A2775}.Debug|Any CPU.ActiveCfg = Debug|Any CPU
		{F60DC96E-C5BC-44CD-9822-EFD84A4A2775}.Debug|Any CPU.Build.0 = Debug|Any CPU
		{F60DC96E-C5BC-44CD-9822-EFD84A4A2775}.Release|Any CPU.ActiveCfg = Release|Any CPU
		{F60DC96E-C5BC-44CD-9822-EFD84A4A2775}.Release|Any CPU.Build.0 = Release|Any CPU
		{E60FE75D-7A49-4144-815C-9DCB31BE1A2B}.Debug|Any CPU.ActiveCfg = Debug|Any CPU
		{E60FE75D-7A49-4144-815C-9DCB31BE1A2B}.Release|Any CPU.ActiveCfg = Debug|Any CPU
		{D9054FB9-3A47-410B-891F-2F0F76F4457C}.Debug|Any CPU.ActiveCfg = Debug|Any CPU
		{D9054FB9-3A47-410B-891F-2F0F76F4457C}.Debug|Any CPU.Build.0 = Debug|Any CPU
		{D9054FB9-3A47-410B-891F-2F0F76F4457C}.Release|Any CPU.ActiveCfg = Release|Any CPU
		{D9054FB9-3A47-410B-891F-2F0F76F4457C}.Release|Any CPU.Build.0 = Release|Any CPU
	EndGlobalSection
	GlobalSection(SolutionProperties) = preSolution
		HideSolutionNode = FALSE
	EndGlobalSection
	GlobalSection(NestedProjects) = preSolution
		{3216E45E-5982-4991-A5BB-F600904DDCB2} = {054CE7F7-FC51-4B55-A996-7D28154CDB40}
		{7220A7F9-FE07-4AB1-9C75-EFF179B010E1} = {054CE7F7-FC51-4B55-A996-7D28154CDB40}
		{E4CBD45B-C0A2-402D-BD6D-92B930E23565} = {054CE7F7-FC51-4B55-A996-7D28154CDB40}
		{26EB400D-ACCD-4CFD-975D-EAF2D0AD65D1} = {3EA6C97C-3339-418C-884F-BE49CB746009}
		{910E9578-10A3-490E-83A9-FFBD93FF449A} = {3EA6C97C-3339-418C-884F-BE49CB746009}
		{60CFE565-E727-4744-8CC4-113BB7CA0926} = {3EA6C97C-3339-418C-884F-BE49CB746009}
		{A56398B2-8EC1-4B64-B39C-E3CF3583951D} = {3EA6C97C-3339-418C-884F-BE49CB746009}
		{D9054FB9-3A47-410B-891F-2F0F76F4457C} = {3EA6C97C-3339-418C-884F-BE49CB746009}
	EndGlobalSection
	GlobalSection(ExtensibilityGlobals) = postSolution
		SolutionGuid = {3DD0261F-E73B-45A0-9B9B-0DD5E2904F15}
	EndGlobalSection
EndGlobal
