
Microsoft Visual Studio Solution File, Format Version 12.00
# Visual Studio 15
VisualStudioVersion = 15.0.27703.2018
MinimumVisualStudioVersion = 10.0.40219.1
Project("{9A19103F-16F7-4668-BE54-9A1E7A4F7556}") = "Surgicalogic.Api", "Surgicalogic.Api\Surgicalogic.Api.csproj", "{0CA2D94A-F88E-47A4-8891-98497CB57E16}"
EndProject
Project("{E24C65DC-7377-472B-9ABA-BC803B73C61A}") = "Surgicalogic.Web", "Surgicalogic.Web\", "{1B6F4885-B1D5-441E-98BA-99C37E4B84EE}"
	ProjectSection(WebsiteProperties) = preProject
		TargetFrameworkMoniker = ".NETFramework,Version%3Dv4.0"
		Debug.AspNetCompiler.VirtualPath = "/localhost_6648"
		Debug.AspNetCompiler.PhysicalPath = "Surgicalogic.Web\"
		Debug.AspNetCompiler.TargetPath = "PrecompiledWeb\localhost_6648\"
		Debug.AspNetCompiler.Updateable = "true"
		Debug.AspNetCompiler.ForceOverwrite = "true"
		Debug.AspNetCompiler.FixedNames = "false"
		Debug.AspNetCompiler.Debug = "True"
		Release.AspNetCompiler.VirtualPath = "/localhost_6648"
		Release.AspNetCompiler.PhysicalPath = "Surgicalogic.Web\"
		Release.AspNetCompiler.TargetPath = "PrecompiledWeb\localhost_6648\"
		Release.AspNetCompiler.Updateable = "true"
		Release.AspNetCompiler.ForceOverwrite = "true"
		Release.AspNetCompiler.FixedNames = "false"
		Release.AspNetCompiler.Debug = "False"
		VWDPort = "6648"
		SlnRelativePath = "Surgicalogic.Web\"
	EndProjectSection
EndProject
Project("{9A19103F-16F7-4668-BE54-9A1E7A4F7556}") = "Surgicalogic.Data", "Surgicalogic.Data\Surgicalogic.Data.csproj", "{44FBE89A-67D3-4583-BFE3-A28BE08D2858}"
EndProject
Project("{9A19103F-16F7-4668-BE54-9A1E7A4F7556}") = "Surgicalogic.Data.Migrations", "Surgicalogic.Data.Migrations\Surgicalogic.Data.Migrations.csproj", "{0EC33303-6E56-4144-9959-D69351A59CA2}"
EndProject
Project("{9A19103F-16F7-4668-BE54-9A1E7A4F7556}") = "Surgicalogic.Contracts", "Surgicalogic.Contracts\Surgicalogic.Contracts.csproj", "{E39AD109-48BE-4D81-81BE-DECC311E9253}"
EndProject
Project("{9A19103F-16F7-4668-BE54-9A1E7A4F7556}") = "Surgicalogic.Services", "Surgicalogic.Services\Surgicalogic.Services.csproj", "{18F09F73-C674-4CAF-9F4E-8EBDFADB3031}"
EndProject
Project("{9A19103F-16F7-4668-BE54-9A1E7A4F7556}") = "Surgicalogic.Model", "Surgicalogic.Model\Surgicalogic.Model.csproj", "{058BA9DD-DF7C-4F84-A9D7-341F2CAE5B69}"
EndProject
Project("{9A19103F-16F7-4668-BE54-9A1E7A4F7556}") = "Surgicalogic.Common", "Surgicalogic.Common\Surgicalogic.Common.csproj", "{C86C3545-4C4E-4289-93DC-8C065C32D8E2}"
EndProject
Project("{2150E333-8FDC-42A3-9474-1A3956D46DE8}") = "Planning", "Planning", "{3EA6C97C-3339-418C-884F-BE49CB746009}"
EndProject
Project("{FAE04EC0-301F-11D3-BF4B-00C04F79EFBC}") = "Surgicalogic.Planning.Test", "Planning\Surgicalogic.Planning.Test\Surgicalogic.Planning.Test.csproj", "{932C6829-79D6-40C3-BBCE-67DE040938CC}"
EndProject
Project("{9A19103F-16F7-4668-BE54-9A1E7A4F7556}") = "Surgicalogic.Planning.Model", "Planning\Surgicalogic.Planning.Model\Surgicalogic.Planning.Model.csproj", "{461B62AB-3367-4B20-9745-FBF84DB33E58}"
EndProject
Project("{FAE04EC0-301F-11D3-BF4B-00C04F79EFBC}") = "Surgicalogic.Planning.ORTools", "Planning\Surgicalogic.Planning.ORTools\Surgicalogic.Planning.ORTools.csproj", "{E5BBFCEC-7A6D-4033-AB95-1514235B98CD}"
EndProject
Project("{FAE04EC0-301F-11D3-BF4B-00C04F79EFBC}") = "Surgicalogic.Planning.Api", "Planning\Surgicalogic.Planning.Api\Surgicalogic.Planning.Api.csproj", "{F0CEC99D-5FAB-42E7-97CE-A6309F2EDEA1}"
EndProject
Project("{2150E333-8FDC-42A3-9474-1A3956D46DE8}") = "Smartiks.Framework", "Smartiks.Framework", "{054CE7F7-FC51-4B55-A996-7D28154CDB40}"
EndProject
Project("{9A19103F-16F7-4668-BE54-9A1E7A4F7556}") = "Smartiks.Framework.IO", "Smartiks.Framework\Smartiks.Framework.IO\Smartiks.Framework.IO.csproj", "{632C76C4-F109-4E13-8D8E-00F03CCDAD19}"
EndProject
Project("{9A19103F-16F7-4668-BE54-9A1E7A4F7556}") = "Smartiks.Framework.IO.Abstractions", "Smartiks.Framework\Smartiks.Framework.IO.Abstractions\Smartiks.Framework.IO.Abstractions.csproj", "{076DFF4D-04BF-433E-93E1-09214035C400}"
EndProject
Project("{9A19103F-16F7-4668-BE54-9A1E7A4F7556}") = "Smartiks.Framework.IO.Extensions", "Smartiks.Framework\Smartiks.Framework.IO.Extensions\Smartiks.Framework.IO.Extensions.csproj", "{0D6955A8-43D9-4D82-A3A6-7953AA319A55}"
EndProject
Project("{FAE04EC0-301F-11D3-BF4B-00C04F79EFBC}") = "Surgicalogic.Test", "Surgicalogic.Test\Surgicalogic.Test.csproj", "{A32AC472-8E4D-44BE-A8BD-D7B3351C1F91}"
EndProject
Global
	GlobalSection(SolutionConfigurationPlatforms) = preSolution
		Debug|Any CPU = Debug|Any CPU
		Release|Any CPU = Release|Any CPU
	EndGlobalSection
	GlobalSection(ProjectConfigurationPlatforms) = postSolution
		{0CA2D94A-F88E-47A4-8891-98497CB57E16}.Debug|Any CPU.ActiveCfg = Debug|Any CPU
		{0CA2D94A-F88E-47A4-8891-98497CB57E16}.Debug|Any CPU.Build.0 = Debug|Any CPU
		{0CA2D94A-F88E-47A4-8891-98497CB57E16}.Release|Any CPU.ActiveCfg = Release|Any CPU
		{0CA2D94A-F88E-47A4-8891-98497CB57E16}.Release|Any CPU.Build.0 = Release|Any CPU
		{1B6F4885-B1D5-441E-98BA-99C37E4B84EE}.Debug|Any CPU.ActiveCfg = Debug|Any CPU
		{1B6F4885-B1D5-441E-98BA-99C37E4B84EE}.Release|Any CPU.ActiveCfg = Debug|Any CPU
		{1B6F4885-B1D5-441E-98BA-99C37E4B84EE}.Release|Any CPU.Build.0 = Debug|Any CPU
		{44FBE89A-67D3-4583-BFE3-A28BE08D2858}.Debug|Any CPU.ActiveCfg = Debug|Any CPU
		{44FBE89A-67D3-4583-BFE3-A28BE08D2858}.Debug|Any CPU.Build.0 = Debug|Any CPU
		{44FBE89A-67D3-4583-BFE3-A28BE08D2858}.Release|Any CPU.ActiveCfg = Release|Any CPU
		{44FBE89A-67D3-4583-BFE3-A28BE08D2858}.Release|Any CPU.Build.0 = Release|Any CPU
		{0EC33303-6E56-4144-9959-D69351A59CA2}.Debug|Any CPU.ActiveCfg = Debug|Any CPU
		{0EC33303-6E56-4144-9959-D69351A59CA2}.Debug|Any CPU.Build.0 = Debug|Any CPU
		{0EC33303-6E56-4144-9959-D69351A59CA2}.Release|Any CPU.ActiveCfg = Release|Any CPU
		{0EC33303-6E56-4144-9959-D69351A59CA2}.Release|Any CPU.Build.0 = Release|Any CPU
		{E39AD109-48BE-4D81-81BE-DECC311E9253}.Debug|Any CPU.ActiveCfg = Debug|Any CPU
		{E39AD109-48BE-4D81-81BE-DECC311E9253}.Debug|Any CPU.Build.0 = Debug|Any CPU
		{E39AD109-48BE-4D81-81BE-DECC311E9253}.Release|Any CPU.ActiveCfg = Release|Any CPU
		{E39AD109-48BE-4D81-81BE-DECC311E9253}.Release|Any CPU.Build.0 = Release|Any CPU
		{18F09F73-C674-4CAF-9F4E-8EBDFADB3031}.Debug|Any CPU.ActiveCfg = Debug|Any CPU
		{18F09F73-C674-4CAF-9F4E-8EBDFADB3031}.Debug|Any CPU.Build.0 = Debug|Any CPU
		{18F09F73-C674-4CAF-9F4E-8EBDFADB3031}.Release|Any CPU.ActiveCfg = Release|Any CPU
		{18F09F73-C674-4CAF-9F4E-8EBDFADB3031}.Release|Any CPU.Build.0 = Release|Any CPU
		{058BA9DD-DF7C-4F84-A9D7-341F2CAE5B69}.Debug|Any CPU.ActiveCfg = Debug|Any CPU
		{058BA9DD-DF7C-4F84-A9D7-341F2CAE5B69}.Debug|Any CPU.Build.0 = Debug|Any CPU
		{058BA9DD-DF7C-4F84-A9D7-341F2CAE5B69}.Release|Any CPU.ActiveCfg = Release|Any CPU
		{058BA9DD-DF7C-4F84-A9D7-341F2CAE5B69}.Release|Any CPU.Build.0 = Release|Any CPU
		{C86C3545-4C4E-4289-93DC-8C065C32D8E2}.Debug|Any CPU.ActiveCfg = Debug|Any CPU
		{C86C3545-4C4E-4289-93DC-8C065C32D8E2}.Debug|Any CPU.Build.0 = Debug|Any CPU
		{C86C3545-4C4E-4289-93DC-8C065C32D8E2}.Release|Any CPU.ActiveCfg = Release|Any CPU
		{C86C3545-4C4E-4289-93DC-8C065C32D8E2}.Release|Any CPU.Build.0 = Release|Any CPU
		{932C6829-79D6-40C3-BBCE-67DE040938CC}.Debug|Any CPU.ActiveCfg = Debug|Any CPU
		{932C6829-79D6-40C3-BBCE-67DE040938CC}.Debug|Any CPU.Build.0 = Debug|Any CPU
		{932C6829-79D6-40C3-BBCE-67DE040938CC}.Release|Any CPU.ActiveCfg = Release|Any CPU
		{932C6829-79D6-40C3-BBCE-67DE040938CC}.Release|Any CPU.Build.0 = Release|Any CPU
		{461B62AB-3367-4B20-9745-FBF84DB33E58}.Debug|Any CPU.ActiveCfg = Debug|Any CPU
		{461B62AB-3367-4B20-9745-FBF84DB33E58}.Debug|Any CPU.Build.0 = Debug|Any CPU
		{461B62AB-3367-4B20-9745-FBF84DB33E58}.Release|Any CPU.ActiveCfg = Release|Any CPU
		{461B62AB-3367-4B20-9745-FBF84DB33E58}.Release|Any CPU.Build.0 = Release|Any CPU
		{E5BBFCEC-7A6D-4033-AB95-1514235B98CD}.Debug|Any CPU.ActiveCfg = Debug|Any CPU
		{E5BBFCEC-7A6D-4033-AB95-1514235B98CD}.Debug|Any CPU.Build.0 = Debug|Any CPU
		{E5BBFCEC-7A6D-4033-AB95-1514235B98CD}.Release|Any CPU.ActiveCfg = Release|Any CPU
		{E5BBFCEC-7A6D-4033-AB95-1514235B98CD}.Release|Any CPU.Build.0 = Release|Any CPU
		{F0CEC99D-5FAB-42E7-97CE-A6309F2EDEA1}.Debug|Any CPU.ActiveCfg = Debug|Any CPU
		{F0CEC99D-5FAB-42E7-97CE-A6309F2EDEA1}.Debug|Any CPU.Build.0 = Debug|Any CPU
		{F0CEC99D-5FAB-42E7-97CE-A6309F2EDEA1}.Release|Any CPU.ActiveCfg = Release|Any CPU
		{F0CEC99D-5FAB-42E7-97CE-A6309F2EDEA1}.Release|Any CPU.Build.0 = Release|Any CPU
		{632C76C4-F109-4E13-8D8E-00F03CCDAD19}.Debug|Any CPU.ActiveCfg = Debug|Any CPU
		{632C76C4-F109-4E13-8D8E-00F03CCDAD19}.Release|Any CPU.ActiveCfg = Release|Any CPU
		{632C76C4-F109-4E13-8D8E-00F03CCDAD19}.Release|Any CPU.Build.0 = Release|Any CPU
		{076DFF4D-04BF-433E-93E1-09214035C400}.Debug|Any CPU.ActiveCfg = Debug|Any CPU
		{076DFF4D-04BF-433E-93E1-09214035C400}.Release|Any CPU.ActiveCfg = Release|Any CPU
		{076DFF4D-04BF-433E-93E1-09214035C400}.Release|Any CPU.Build.0 = Release|Any CPU
		{0D6955A8-43D9-4D82-A3A6-7953AA319A55}.Debug|Any CPU.ActiveCfg = Debug|Any CPU
		{0D6955A8-43D9-4D82-A3A6-7953AA319A55}.Release|Any CPU.ActiveCfg = Release|Any CPU
		{0D6955A8-43D9-4D82-A3A6-7953AA319A55}.Release|Any CPU.Build.0 = Release|Any CPU
		{A32AC472-8E4D-44BE-A8BD-D7B3351C1F91}.Debug|Any CPU.ActiveCfg = Debug|Any CPU
		{A32AC472-8E4D-44BE-A8BD-D7B3351C1F91}.Debug|Any CPU.Build.0 = Debug|Any CPU
		{A32AC472-8E4D-44BE-A8BD-D7B3351C1F91}.Release|Any CPU.ActiveCfg = Release|Any CPU
		{A32AC472-8E4D-44BE-A8BD-D7B3351C1F91}.Release|Any CPU.Build.0 = Release|Any CPU
	EndGlobalSection
	GlobalSection(SolutionProperties) = preSolution
		HideSolutionNode = FALSE
	EndGlobalSection
	GlobalSection(NestedProjects) = preSolution
		{932C6829-79D6-40C3-BBCE-67DE040938CC} = {3EA6C97C-3339-418C-884F-BE49CB746009}
		{461B62AB-3367-4B20-9745-FBF84DB33E58} = {3EA6C97C-3339-418C-884F-BE49CB746009}
		{E5BBFCEC-7A6D-4033-AB95-1514235B98CD} = {3EA6C97C-3339-418C-884F-BE49CB746009}
		{F0CEC99D-5FAB-42E7-97CE-A6309F2EDEA1} = {3EA6C97C-3339-418C-884F-BE49CB746009}
		{632C76C4-F109-4E13-8D8E-00F03CCDAD19} = {054CE7F7-FC51-4B55-A996-7D28154CDB40}
		{076DFF4D-04BF-433E-93E1-09214035C400} = {054CE7F7-FC51-4B55-A996-7D28154CDB40}
		{0D6955A8-43D9-4D82-A3A6-7953AA319A55} = {054CE7F7-FC51-4B55-A996-7D28154CDB40}
	EndGlobalSection
	GlobalSection(ExtensibilityGlobals) = postSolution
		SolutionGuid = {3DD0261F-E73B-45A0-9B9B-0DD5E2904F15}
	EndGlobalSection
EndGlobal
